// !$*UTF8*$!
{
	archiveVersion = 1;
	classes = {
	};
	objectVersion = 50;
	objects = {

/* Begin PBXBuildFile section */
		D42F66762443592100F4ADE8 /* AppDelegate.swift in Sources */ = {isa = PBXBuildFile; fileRef = D42F66752443592100F4ADE8 /* AppDelegate.swift */; };
		D42F66782443592100F4ADE8 /* SceneDelegate.swift in Sources */ = {isa = PBXBuildFile; fileRef = D42F66772443592100F4ADE8 /* SceneDelegate.swift */; };
		D42F667A2443592100F4ADE8 /* ContentView.swift in Sources */ = {isa = PBXBuildFile; fileRef = D42F66792443592100F4ADE8 /* ContentView.swift */; };
		D42F667C2443592300F4ADE8 /* Assets.xcassets in Resources */ = {isa = PBXBuildFile; fileRef = D42F667B2443592300F4ADE8 /* Assets.xcassets */; };
		D42F667F2443592300F4ADE8 /* Preview Assets.xcassets in Resources */ = {isa = PBXBuildFile; fileRef = D42F667E2443592300F4ADE8 /* Preview Assets.xcassets */; };
		D42F66822443592300F4ADE8 /* LaunchScreen.storyboard in Resources */ = {isa = PBXBuildFile; fileRef = D42F66802443592300F4ADE8 /* LaunchScreen.storyboard */; };
/* End PBXBuildFile section */

/* Begin PBXFileReference section */
		D42F66722443592100F4ADE8 /* TextSync.app */ = {isa = PBXFileReference; explicitFileType = wrapper.application; includeInIndex = 0; path = TextSync.app; sourceTree = BUILT_PRODUCTS_DIR; };
		D42F66752443592100F4ADE8 /* AppDelegate.swift */ = {isa = PBXFileReference; lastKnownFileType = sourcecode.swift; path = AppDelegate.swift; sourceTree = "<group>"; };
		D42F66772443592100F4ADE8 /* SceneDelegate.swift */ = {isa = PBXFileReference; lastKnownFileType = sourcecode.swift; path = SceneDelegate.swift; sourceTree = "<group>"; };
		D42F66792443592100F4ADE8 /* ContentView.swift */ = {isa = PBXFileReference; lastKnownFileType = sourcecode.swift; path = ContentView.swift; sourceTree = "<group>"; };
		D42F667B2443592300F4ADE8 /* Assets.xcassets */ = {isa = PBXFileReference; lastKnownFileType = folder.assetcatalog; path = Assets.xcassets; sourceTree = "<group>"; };
		D42F667E2443592300F4ADE8 /* Preview Assets.xcassets */ = {isa = PBXFileReference; lastKnownFileType = folder.assetcatalog; path = "Preview Assets.xcassets"; sourceTree = "<group>"; };
		D42F66812443592300F4ADE8 /* Base */ = {isa = PBXFileReference; lastKnownFileType = file.storyboard; name = Base; path = Base.lproj/LaunchScreen.storyboard; sourceTree = "<group>"; };
		D42F66832443592300F4ADE8 /* Info.plist */ = {isa = PBXFileReference; lastKnownFileType = text.plist.xml; path = Info.plist; sourceTree = "<group>"; };
/* End PBXFileReference section */

/* Begin PBXFrameworksBuildPhase section */
		D42F666F2443592100F4ADE8 /* Frameworks */ = {
			isa = PBXFrameworksBuildPhase;
			buildActionMask = 2147483647;
			files = (
			);
			runOnlyForDeploymentPostprocessing = 0;
		};
/* End PBXFrameworksBuildPhase section */

/* Begin PBXGroup section */
		D42F66692443592100F4ADE8 = {
			isa = PBXGroup;
			children = (
				D42F66742443592100F4ADE8 /* TextSync */,
				D42F66732443592100F4ADE8 /* Products */,
			);
			sourceTree = "<group>";
		};
		D42F66732443592100F4ADE8 /* Products */ = {
			isa = PBXGroup;
			children = (
				D42F66722443592100F4ADE8 /* TextSync.app */,
			);
			name = Products;
			sourceTree = "<group>";
		};
		D42F66742443592100F4ADE8 /* TextSync */ = {
			isa = PBXGroup;
			children = (
				D42F66752443592100F4ADE8 /* AppDelegate.swift */,
				D42F66772443592100F4ADE8 /* SceneDelegate.swift */,
				D42F66792443592100F4ADE8 /* ContentView.swift */,
				D42F667B2443592300F4ADE8 /* Assets.xcassets */,
				D42F66802443592300F4ADE8 /* LaunchScreen.storyboard */,
				D42F66832443592300F4ADE8 /* Info.plist */,
				D42F667D2443592300F4ADE8 /* Preview Content */,
			);
			path = TextSync;
			sourceTree = "<group>";
		};
		D42F667D2443592300F4ADE8 /* Preview Content */ = {
			isa = PBXGroup;
			children = (
				D42F667E2443592300F4ADE8 /* Preview Assets.xcassets */,
			);
			path = "Preview Content";
			sourceTree = "<group>";
		};
/* End PBXGroup section */

/* Begin PBXNativeTarget section */
		D42F66712443592100F4ADE8 /* TextSync */ = {
			isa = PBXNativeTarget;
			buildConfigurationList = D42F66862443592300F4ADE8 /* Build configuration list for PBXNativeTarget "TextSync" */;
			buildPhases = (
				D42F666E2443592100F4ADE8 /* Sources */,
				D42F666F2443592100F4ADE8 /* Frameworks */,
				D42F66702443592100F4ADE8 /* Resources */,
			);
			buildRules = (
			);
			dependencies = (
			);
			name = TextSync;
			productName = TextSync;
			productReference = D42F66722443592100F4ADE8 /* TextSync.app */;
			productType = "com.apple.product-type.application";
		};
/* End PBXNativeTarget section */

/* Begin PBXProject section */
		D42F666A2443592100F4ADE8 /* Project object */ = {
			isa = PBXProject;
			attributes = {
				LastSwiftUpdateCheck = 1140;
				LastUpgradeCheck = 1140;
				ORGANIZATIONNAME = "Calin Ciubotariu";
				TargetAttributes = {
					D42F66712443592100F4ADE8 = {
						CreatedOnToolsVersion = 11.4;
					};
				};
			};
			buildConfigurationList = D42F666D2443592100F4ADE8 /* Build configuration list for PBXProject "TextSync" */;
			compatibilityVersion = "Xcode 9.3";
			developmentRegion = en;
			hasScannedForEncodings = 0;
			knownRegions = (
				en,
				Base,
			);
			mainGroup = D42F66692443592100F4ADE8;
			productRefGroup = D42F66732443592100F4ADE8 /* Products */;
			projectDirPath = "";
			projectRoot = "";
			targets = (
				D42F66712443592100F4ADE8 /* TextSync */,
			);
		};
/* End PBXProject section */

/* Begin PBXResourcesBuildPhase section */
		D42F66702443592100F4ADE8 /* Resources */ = {
			isa = PBXResourcesBuildPhase;
			buildActionMask = 2147483647;
			files = (
				D42F66822443592300F4ADE8 /* LaunchScreen.storyboard in Resources */,
				D42F667F2443592300F4ADE8 /* Preview Assets.xcassets in Resources */,
				D42F667C2443592300F4ADE8 /* Assets.xcassets in Resources */,
			);
			runOnlyForDeploymentPostprocessing = 0;
		};
/* End PBXResourcesBuildPhase section */

/* Begin PBXSourcesBuildPhase section */
		D42F666E2443592100F4ADE8 /* Sources */ = {
			isa = PBXSourcesBuildPhase;
			buildActionMask = 2147483647;
			files = (
				D42F66762443592100F4ADE8 /* AppDelegate.swift in Sources */,
				D42F66782443592100F4ADE8 /* SceneDelegate.swift in Sources */,
				D42F667A2443592100F4ADE8 /* ContentView.swift in Sources */,
			);
			runOnlyForDeploymentPostprocessing = 0;
		};
/* End PBXSourcesBuildPhase section */

/* Begin PBXVariantGroup section */
		D42F66802443592300F4ADE8 /* LaunchScreen.storyboard */ = {
			isa = PBXVariantGroup;
			children = (
				D42F66812443592300F4ADE8 /* Base */,
			);
			name = LaunchScreen.storyboard;
			sourceTree = "<group>";
		};
/* End PBXVariantGroup section */

/* Begin XCBuildConfiguration section */
		D42F66842443592300F4ADE8 /* Debug */ = {
			isa = XCBuildConfiguration;
			buildSettings = {
				ALWAYS_SEARCH_USER_PATHS = NO;
				CLANG_ANALYZER_NONNULL = YES;
				CLANG_ANALYZER_NUMBER_OBJECT_CONVERSION = YES_AGGRESSIVE;
				CLANG_CXX_LANGUAGE_STANDARD = "gnu++14";
				CLANG_CXX_LIBRARY = "libc++";
				CLANG_ENABLE_MODULES = YES;
				CLANG_ENABLE_OBJC_ARC = YES;
				CLANG_ENABLE_OBJC_WEAK = YES;
				CLANG_WARN_BLOCK_CAPTURE_AUTORELEASING = YES;
				CLANG_WARN_BOOL_CONVERSION = YES;
				CLANG_WARN_COMMA = YES;
				CLANG_WARN_CONSTANT_CONVERSION = YES;
				CLANG_WARN_DEPRECATED_OBJC_IMPLEMENTATIONS = YES;
				CLANG_WARN_DIRECT_OBJC_ISA_USAGE = YES_ERROR;
				CLANG_WARN_DOCUMENTATION_COMMENTS = YES;
				CLANG_WARN_EMPTY_BODY = YES;
				CLANG_WARN_ENUM_CONVERSION = YES;
				CLANG_WARN_INFINITE_RECURSION = YES;
				CLANG_WARN_INT_CONVERSION = YES;
				CLANG_WARN_NON_LITERAL_NULL_CONVERSION = YES;
				CLANG_WARN_OBJC_IMPLICIT_RETAIN_SELF = YES;
				CLANG_WARN_OBJC_LITERAL_CONVERSION = YES;
				CLANG_WARN_OBJC_ROOT_CLASS = YES_ERROR;
				CLANG_WARN_RANGE_LOOP_ANALYSIS = YES;
				CLANG_WARN_STRICT_PROTOTYPES = YES;
				CLANG_WARN_SUSPICIOUS_MOVE = YES;
				CLANG_WARN_UNGUARDED_AVAILABILITY = YES_AGGRESSIVE;
				CLANG_WARN_UNREACHABLE_CODE = YES;
				CLANG_WARN__DUPLICATE_METHOD_MATCH = YES;
				COPY_PHASE_STRIP = NO;
				DEBUG_INFORMATION_FORMAT = dwarf;
				ENABLE_STRICT_OBJC_MSGSEND = YES;
				ENABLE_TESTABILITY = YES;
				GCC_C_LANGUAGE_STANDARD = gnu11;
				GCC_DYNAMIC_NO_PIC = NO;
				GCC_NO_COMMON_BLOCKS = YES;
				GCC_OPTIMIZATION_LEVEL = 0;
				GCC_PREPROCESSOR_DEFINITIONS = (
					"DEBUG=1",
					"$(inherited)",
				);
				GCC_WARN_64_TO_32_BIT_CONVERSION = YES;
				GCC_WARN_ABOUT_RETURN_TYPE = YES_ERROR;
				GCC_WARN_UNDECLARED_SELECTOR = YES;
				GCC_WARN_UNINITIALIZED_AUTOS = YES_AGGRESSIVE;
				GCC_WARN_UNUSED_FUNCTION = YES;
				GCC_WARN_UNUSED_VARIABLE = YES;
				IPHONEOS_DEPLOYMENT_TARGET = 13.4;
				MTL_ENABLE_DEBUG_INFO = INCLUDE_SOURCE;
				MTL_FAST_MATH = YES;
				ONLY_ACTIVE_ARCH = YES;
				SDKROOT = iphoneos;
				SWIFT_ACTIVE_COMPILATION_CONDITIONS = DEBUG;
				SWIFT_OPTIMIZATION_LEVEL = "-Onone";
			};
			name = Debug;
		};
		D42F66852443592300F4ADE8 /* Release */ = {
			isa = XCBuildConfiguration;
			buildSettings = {
				ALWAYS_SEARCH_USER_PATHS = NO;
				CLANG_ANALYZER_NONNULL = YES;
				CLANG_ANALYZER_NUMBER_OBJECT_CONVERSION = YES_AGGRESSIVE;
				CLANG_CXX_LANGUAGE_STANDARD = "gnu++14";
				CLANG_CXX_LIBRARY = "libc++";
				CLANG_ENABLE_MODULES = YES;
				CLANG_ENABLE_OBJC_ARC = YES;
				CLANG_ENABLE_OBJC_WEAK = YES;
				CLANG_WARN_BLOCK_CAPTURE_AUTORELEASING = YES;
				CLANG_WARN_BOOL_CONVERSION = YES;
				CLANG_WARN_COMMA = YES;
				CLANG_WARN_CONSTANT_CONVERSION = YES;
				CLANG_WARN_DEPRECATED_OBJC_IMPLEMENTATIONS = YES;
				CLANG_WARN_DIRECT_OBJC_ISA_USAGE = YES_ERROR;
				CLANG_WARN_DOCUMENTATION_COMMENTS = YES;
				CLANG_WARN_EMPTY_BODY = YES;
				CLANG_WARN_ENUM_CONVERSION = YES;
				CLANG_WARN_INFINITE_RECURSION = YES;
				CLANG_WARN_INT_CONVERSION = YES;
				CLANG_WARN_NON_LITERAL_NULL_CONVERSION = YES;
				CLANG_WARN_OBJC_IMPLICIT_RETAIN_SELF = YES;
				CLANG_WARN_OBJC_LITERAL_CONVERSION = YES;
				CLANG_WARN_OBJC_ROOT_CLASS = YES_ERROR;
				CLANG_WARN_RANGE_LOOP_ANALYSIS = YES;
				CLANG_WARN_STRICT_PROTOTYPES = YES;
				CLANG_WARN_SUSPICIOUS_MOVE = YES;
				CLANG_WARN_UNGUARDED_AVAILABILITY = YES_AGGRESSIVE;
				CLANG_WARN_UNREACHABLE_CODE = YES;
				CLANG_WARN__DUPLICATE_METHOD_MATCH = YES;
				COPY_PHASE_STRIP = NO;
				DEBUG_INFORMATION_FORMAT = "dwarf-with-dsym";
				ENABLE_NS_ASSERTIONS = NO;
				ENABLE_STRICT_OBJC_MSGSEND = YES;
				GCC_C_LANGUAGE_STANDARD = gnu11;
				GCC_NO_COMMON_BLOCKS = YES;
				GCC_WARN_64_TO_32_BIT_CONVERSION = YES;
				GCC_WARN_ABOUT_RETURN_TYPE = YES_ERROR;
				GCC_WARN_UNDECLARED_SELECTOR = YES;
				GCC_WARN_UNINITIALIZED_AUTOS = YES_AGGRESSIVE;
				GCC_WARN_UNUSED_FUNCTION = YES;
				GCC_WARN_UNUSED_VARIABLE = YES;
				IPHONEOS_DEPLOYMENT_TARGET = 13.4;
				MTL_ENABLE_DEBUG_INFO = NO;
				MTL_FAST_MATH = YES;
				SDKROOT = iphoneos;
				SWIFT_COMPILATION_MODE = wholemodule;
				SWIFT_OPTIMIZATION_LEVEL = "-O";
				VALIDATE_PRODUCT = YES;
			};
			name = Release;
		};
		D42F66872443592300F4ADE8 /* Debug */ = {
			isa = XCBuildConfiguration;
			buildSettings = {
				ASSETCATALOG_COMPILER_APPICON_NAME = AppIcon;
				CODE_SIGN_STYLE = Automatic;
				DEVELOPMENT_ASSET_PATHS = "\"TextSync/Preview Content\"";
				DEVELOPMENT_TEAM = 8EGFFE222W;
				ENABLE_PREVIEWS = YES;
				INFOPLIST_FILE = TextSync/Info.plist;
				LD_RUNPATH_SEARCH_PATHS = (
					"$(inherited)",
					"@executable_path/Frameworks",
				);
				PRODUCT_BUNDLE_IDENTIFIER = com.calincrist.TextSync;
				PRODUCT_NAME = "$(TARGET_NAME)";
				SWIFT_VERSION = 5.0;
				TARGETED_DEVICE_FAMILY = "1,2";
			};
			name = Debug;
		};
		D42F66882443592300F4ADE8 /* Release */ = {
			isa = XCBuildConfiguration;
			buildSettings = {
				ASSETCATALOG_COMPILER_APPICON_NAME = AppIcon;
				CODE_SIGN_STYLE = Automatic;
				DEVELOPMENT_ASSET_PATHS = "\"TextSync/Preview Content\"";
				DEVELOPMENT_TEAM = 8EGFFE222W;
				ENABLE_PREVIEWS = YES;
				INFOPLIST_FILE = TextSync/Info.plist;
				LD_RUNPATH_SEARCH_PATHS = (
					"$(inherited)",
					"@executable_path/Frameworks",
				);
				PRODUCT_BUNDLE_IDENTIFIER = com.calincrist.TextSync;
				PRODUCT_NAME = "$(TARGET_NAME)";
				SWIFT_VERSION = 5.0;
				TARGETED_DEVICE_FAMILY = "1,2";
			};
			name = Release;
		};
/* End XCBuildConfiguration section */

/* Begin XCConfigurationList section */
		D42F666D2443592100F4ADE8 /* Build configuration list for PBXProject "TextSync" */ = {
			isa = XCConfigurationList;
			buildConfigurations = (
				D42F66842443592300F4ADE8 /* Debug */,
				D42F66852443592300F4ADE8 /* Release */,
			);
			defaultConfigurationIsVisible = 0;
			defaultConfigurationName = Release;
		};
		D42F66862443592300F4ADE8 /* Build configuration list for PBXNativeTarget "TextSync" */ = {
			isa = XCConfigurationList;
			buildConfigurations = (
				D42F66872443592300F4ADE8 /* Debug */,
				D42F66882443592300F4ADE8 /* Release */,
			);
			defaultConfigurationIsVisible = 0;
			defaultConfigurationName = Release;
		};
/* End XCConfigurationList section */
	};
	rootObject = D42F666A2443592100F4ADE8 /* Project object */;
}
